
Microsoft Visual Studio Solution File, Format Version 12.00
# Visual Studio Version 16
VisualStudioVersion = 16.0.30330.147
MinimumVisualStudioVersion = 10.0.40219.1
Project("{2150E333-8FDC-42A3-9474-1A3956D46DE8}") = "2.Application", "2.Application", "{1F6A42BF-029D-4FE4-A5CF-AF0E017C3963}"
EndProject
Project("{2150E333-8FDC-42A3-9474-1A3956D46DE8}") = "3.Infrastructure", "3.Infrastructure", "{ED6DFFA5-B16D-4E50-AD32-A87AEE4560B0}"
EndProject
Project("{2150E333-8FDC-42A3-9474-1A3956D46DE8}") = "4.Web", "4.Web", "{062135D7-0506-4066-B971-5D17DB9C91CB}"
EndProject
Project("{2150E333-8FDC-42A3-9474-1A3956D46DE8}") = "1.Core", "1.Core", "{09BAF5B8-D64D-4D81-8EFB-B7C5B8326AF9}"
EndProject
Project("{9A19103F-16F7-4668-BE54-9A1E7A4F7556}") = "DDD.Share", "DDD.Share\DDD.Share.csproj", "{F41BBACD-66A9-4F45-8587-A1A5E21B7B82}"
EndProject
Project("{9A19103F-16F7-4668-BE54-9A1E7A4F7556}") = "DDD.Core", "DDD.Core\DDD.Core.csproj", "{D49BF03A-F6E3-42DD-904E-D95353A6D542}"
EndProject
Project("{9A19103F-16F7-4668-BE54-9A1E7A4F7556}") = "DDD.Application", "DDD.Application\DDD.Application.csproj", "{6721C7EF-09B4-492B-AB36-0F7412077995}"
EndProject
Project("{9A19103F-16F7-4668-BE54-9A1E7A4F7556}") = "DDD.Core2", "DDD.Core2\DDD.Core2.csproj", "{519B91E7-4708-4B4A-B77A-BE2662128093}"
EndProject
Project("{9A19103F-16F7-4668-BE54-9A1E7A4F7556}") = "DDD.Application.Share", "DDD.Application.Share\DDD.Application.Share.csproj", "{61051896-35B7-4B91-830F-FAE0E7F8927C}"
EndProject
Project("{9A19103F-16F7-4668-BE54-9A1E7A4F7556}") = "DDD.Application2", "DDD.Application2\DDD.Application2.csproj", "{59F224E5-6943-4DF8-8427-D9CBDFA2600C}"
EndProject
Project("{9A19103F-16F7-4668-BE54-9A1E7A4F7556}") = "DDD.Infrastructure", "DDD.Infrastructure\DDD.Infrastructure.csproj", "{8B489258-5058-403D-BAAD-5322DD10BF7F}"
EndProject
Project("{9A19103F-16F7-4668-BE54-9A1E7A4F7556}") = "DDD.Api", "DDD.Api\DDD.Api.csproj", "{2FC76809-E430-4440-A3DE-D7239D5B6C6C}"
EndProject
Project("{FAE04EC0-301F-11D3-BF4B-00C04F79EFBC}") = "DDD.Infrastructure.Share", "DDD.Infrastructure.Share\DDD.Infrastructure.Share.csproj", "{809E0B80-54E0-41F5-9763-DD60B5DB827A}"
EndProject
Project("{FAE04EC0-301F-11D3-BF4B-00C04F79EFBC}") = "DDD.Infrastructure2", "DDD.Infrastructure2\DDD.Infrastructure2.csproj", "{0821EC93-6D61-43D5-BC20-028961C4C5CA}"
EndProject
Global
	GlobalSection(SolutionConfigurationPlatforms) = preSolution
		Debug|Any CPU = Debug|Any CPU
		Release|Any CPU = Release|Any CPU
	EndGlobalSection
	GlobalSection(ProjectConfigurationPlatforms) = postSolution
		{F41BBACD-66A9-4F45-8587-A1A5E21B7B82}.Debug|Any CPU.ActiveCfg = Debug|Any CPU
		{F41BBACD-66A9-4F45-8587-A1A5E21B7B82}.Debug|Any CPU.Build.0 = Debug|Any CPU
		{F41BBACD-66A9-4F45-8587-A1A5E21B7B82}.Release|Any CPU.ActiveCfg = Release|Any CPU
		{F41BBACD-66A9-4F45-8587-A1A5E21B7B82}.Release|Any CPU.Build.0 = Release|Any CPU
		{D49BF03A-F6E3-42DD-904E-D95353A6D542}.Debug|Any CPU.ActiveCfg = Debug|Any CPU
		{D49BF03A-F6E3-42DD-904E-D95353A6D542}.Debug|Any CPU.Build.0 = Debug|Any CPU
		{D49BF03A-F6E3-42DD-904E-D95353A6D542}.Release|Any CPU.ActiveCfg = Release|Any CPU
		{D49BF03A-F6E3-42DD-904E-D95353A6D542}.Release|Any CPU.Build.0 = Release|Any CPU
		{6721C7EF-09B4-492B-AB36-0F7412077995}.Debug|Any CPU.ActiveCfg = Debug|Any CPU
		{6721C7EF-09B4-492B-AB36-0F7412077995}.Debug|Any CPU.Build.0 = Debug|Any CPU
		{6721C7EF-09B4-492B-AB36-0F7412077995}.Release|Any CPU.ActiveCfg = Release|Any CPU
		{6721C7EF-09B4-492B-AB36-0F7412077995}.Release|Any CPU.Build.0 = Release|Any CPU
		{519B91E7-4708-4B4A-B77A-BE2662128093}.Debug|Any CPU.ActiveCfg = Debug|Any CPU
		{519B91E7-4708-4B4A-B77A-BE2662128093}.Debug|Any CPU.Build.0 = Debug|Any CPU
		{519B91E7-4708-4B4A-B77A-BE2662128093}.Release|Any CPU.ActiveCfg = Release|Any CPU
		{519B91E7-4708-4B4A-B77A-BE2662128093}.Release|Any CPU.Build.0 = Release|Any CPU
		{61051896-35B7-4B91-830F-FAE0E7F8927C}.Debug|Any CPU.ActiveCfg = Debug|Any CPU
		{61051896-35B7-4B91-830F-FAE0E7F8927C}.Debug|Any CPU.Build.0 = Debug|Any CPU
		{61051896-35B7-4B91-830F-FAE0E7F8927C}.Release|Any CPU.ActiveCfg = Release|Any CPU
		{61051896-35B7-4B91-830F-FAE0E7F8927C}.Release|Any CPU.Build.0 = Release|Any CPU
		{59F224E5-6943-4DF8-8427-D9CBDFA2600C}.Debug|Any CPU.ActiveCfg = Debug|Any CPU
		{59F224E5-6943-4DF8-8427-D9CBDFA2600C}.Debug|Any CPU.Build.0 = Debug|Any CPU
		{59F224E5-6943-4DF8-8427-D9CBDFA2600C}.Release|Any CPU.ActiveCfg = Release|Any CPU
		{59F224E5-6943-4DF8-8427-D9CBDFA2600C}.Release|Any CPU.Build.0 = Release|Any CPU
		{8B489258-5058-403D-BAAD-5322DD10BF7F}.Debug|Any CPU.ActiveCfg = Debug|Any CPU
		{8B489258-5058-403D-BAAD-5322DD10BF7F}.Debug|Any CPU.Build.0 = Debug|Any CPU
		{8B489258-5058-403D-BAAD-5322DD10BF7F}.Release|Any CPU.ActiveCfg = Release|Any CPU
		{8B489258-5058-403D-BAAD-5322DD10BF7F}.Release|Any CPU.Build.0 = Release|Any CPU
		{2FC76809-E430-4440-A3DE-D7239D5B6C6C}.Debug|Any CPU.ActiveCfg = Debug|Any CPU
		{2FC76809-E430-4440-A3DE-D7239D5B6C6C}.Debug|Any CPU.Build.0 = Debug|Any CPU
		{2FC76809-E430-4440-A3DE-D7239D5B6C6C}.Release|Any CPU.ActiveCfg = Release|Any CPU
		{2FC76809-E430-4440-A3DE-D7239D5B6C6C}.Release|Any CPU.Build.0 = Release|Any CPU
		{809E0B80-54E0-41F5-9763-DD60B5DB827A}.Debug|Any CPU.ActiveCfg = Debug|Any CPU
		{809E0B80-54E0-41F5-9763-DD60B5DB827A}.Debug|Any CPU.Build.0 = Debug|Any CPU
		{809E0B80-54E0-41F5-9763-DD60B5DB827A}.Release|Any CPU.ActiveCfg = Release|Any CPU
		{809E0B80-54E0-41F5-9763-DD60B5DB827A}.Release|Any CPU.Build.0 = Release|Any CPU
		{0821EC93-6D61-43D5-BC20-028961C4C5CA}.Debug|Any CPU.ActiveCfg = Debug|Any CPU
		{0821EC93-6D61-43D5-BC20-028961C4C5CA}.Debug|Any CPU.Build.0 = Debug|Any CPU
		{0821EC93-6D61-43D5-BC20-028961C4C5CA}.Release|Any CPU.ActiveCfg = Release|Any CPU
		{0821EC93-6D61-43D5-BC20-028961C4C5CA}.Release|Any CPU.Build.0 = Release|Any CPU
	EndGlobalSection
	GlobalSection(SolutionProperties) = preSolution
		HideSolutionNode = FALSE
	EndGlobalSection
	GlobalSection(NestedProjects) = preSolution
		{F41BBACD-66A9-4F45-8587-A1A5E21B7B82} = {09BAF5B8-D64D-4D81-8EFB-B7C5B8326AF9}
		{D49BF03A-F6E3-42DD-904E-D95353A6D542} = {09BAF5B8-D64D-4D81-8EFB-B7C5B8326AF9}
		{6721C7EF-09B4-492B-AB36-0F7412077995} = {1F6A42BF-029D-4FE4-A5CF-AF0E017C3963}
		{519B91E7-4708-4B4A-B77A-BE2662128093} = {09BAF5B8-D64D-4D81-8EFB-B7C5B8326AF9}
		{61051896-35B7-4B91-830F-FAE0E7F8927C} = {1F6A42BF-029D-4FE4-A5CF-AF0E017C3963}
		{59F224E5-6943-4DF8-8427-D9CBDFA2600C} = {1F6A42BF-029D-4FE4-A5CF-AF0E017C3963}
		{8B489258-5058-403D-BAAD-5322DD10BF7F} = {ED6DFFA5-B16D-4E50-AD32-A87AEE4560B0}
		{2FC76809-E430-4440-A3DE-D7239D5B6C6C} = {062135D7-0506-4066-B971-5D17DB9C91CB}
		{809E0B80-54E0-41F5-9763-DD60B5DB827A} = {ED6DFFA5-B16D-4E50-AD32-A87AEE4560B0}
		{0821EC93-6D61-43D5-BC20-028961C4C5CA} = {ED6DFFA5-B16D-4E50-AD32-A87AEE4560B0}
	EndGlobalSection
	GlobalSection(ExtensibilityGlobals) = postSolution
		SolutionGuid = {8D79DF38-7A8D-460D-A92E-4A1F8FF31427}
	EndGlobalSection
EndGlobal
